// !$*UTF8*$!
{
	archiveVersion = 1;
	classes = {
	};
	objectVersion = 56;
	objects = {

/* Begin PBXBuildFile section */
		A30B5B492B4436B800D1B419 /* DeepLinkApp.swift in Sources */ = {isa = PBXBuildFile; fileRef = A30B5B482B4436B800D1B419 /* DeepLinkApp.swift */; };
		A30B5B4B2B4436B800D1B419 /* ContentView.swift in Sources */ = {isa = PBXBuildFile; fileRef = A30B5B4A2B4436B800D1B419 /* ContentView.swift */; };
		A30B5B4D2B4436BA00D1B419 /* Assets.xcassets in Resources */ = {isa = PBXBuildFile; fileRef = A30B5B4C2B4436BA00D1B419 /* Assets.xcassets */; };
		A30B5B502B4436BA00D1B419 /* Preview Assets.xcassets in Resources */ = {isa = PBXBuildFile; fileRef = A30B5B4F2B4436BA00D1B419 /* Preview Assets.xcassets */; };
		A30B5B572B44377600D1B419 /* Food.swift in Sources */ = {isa = PBXBuildFile; fileRef = A30B5B562B44377600D1B419 /* Food.swift */; };
		A30B5B592B44379E00D1B419 /* FoodDetailView.swift in Sources */ = {isa = PBXBuildFile; fileRef = A30B5B582B44379E00D1B419 /* FoodDetailView.swift */; };
		A30B5B5B2B4437E800D1B419 /* MenuItemView.swift in Sources */ = {isa = PBXBuildFile; fileRef = A30B5B5A2B4437E800D1B419 /* MenuItemView.swift */; };
		A30B5B5D2B443D5500D1B419 /* DrinkDetailView.swift in Sources */ = {isa = PBXBuildFile; fileRef = A30B5B5C2B443D5500D1B419 /* DrinkDetailView.swift */; };
		A30B5B5F2B443F0100D1B419 /* DessertDetailView.swift in Sources */ = {isa = PBXBuildFile; fileRef = A30B5B5E2B443F0100D1B419 /* DessertDetailView.swift */; };
/* End PBXBuildFile section */

/* Begin PBXFileReference section */
		A30B5B452B4436B800D1B419 /* DeepLink.app */ = {isa = PBXFileReference; explicitFileType = wrapper.application; includeInIndex = 0; path = DeepLink.app; sourceTree = BUILT_PRODUCTS_DIR; };
		A30B5B482B4436B800D1B419 /* DeepLinkApp.swift */ = {isa = PBXFileReference; lastKnownFileType = sourcecode.swift; path = DeepLinkApp.swift; sourceTree = "<group>"; };
		A30B5B4A2B4436B800D1B419 /* ContentView.swift */ = {isa = PBXFileReference; lastKnownFileType = sourcecode.swift; path = ContentView.swift; sourceTree = "<group>"; };
		A30B5B4C2B4436BA00D1B419 /* Assets.xcassets */ = {isa = PBXFileReference; lastKnownFileType = folder.assetcatalog; path = Assets.xcassets; sourceTree = "<group>"; };
		A30B5B4F2B4436BA00D1B419 /* Preview Assets.xcassets */ = {isa = PBXFileReference; lastKnownFileType = folder.assetcatalog; path = "Preview Assets.xcassets"; sourceTree = "<group>"; };
		A30B5B562B44377600D1B419 /* Food.swift */ = {isa = PBXFileReference; lastKnownFileType = sourcecode.swift; path = Food.swift; sourceTree = "<group>"; };
		A30B5B582B44379E00D1B419 /* FoodDetailView.swift */ = {isa = PBXFileReference; lastKnownFileType = sourcecode.swift; path = FoodDetailView.swift; sourceTree = "<group>"; };
		A30B5B5A2B4437E800D1B419 /* MenuItemView.swift */ = {isa = PBXFileReference; lastKnownFileType = sourcecode.swift; path = MenuItemView.swift; sourceTree = "<group>"; };
		A30B5B5C2B443D5500D1B419 /* DrinkDetailView.swift */ = {isa = PBXFileReference; lastKnownFileType = sourcecode.swift; path = DrinkDetailView.swift; sourceTree = "<group>"; };
		A30B5B5E2B443F0100D1B419 /* DessertDetailView.swift */ = {isa = PBXFileReference; lastKnownFileType = sourcecode.swift; path = DessertDetailView.swift; sourceTree = "<group>"; };
/* End PBXFileReference section */

/* Begin PBXFrameworksBuildPhase section */
		A30B5B422B4436B800D1B419 /* Frameworks */ = {
			isa = PBXFrameworksBuildPhase;
			buildActionMask = 2147483647;
			files = (
			);
			runOnlyForDeploymentPostprocessing = 0;
		};
/* End PBXFrameworksBuildPhase section */

/* Begin PBXGroup section */
		A30B5B3C2B4436B800D1B419 = {
			isa = PBXGroup;
			children = (
				A30B5B472B4436B800D1B419 /* DeepLink */,
				A30B5B462B4436B800D1B419 /* Products */,
			);
			sourceTree = "<group>";
		};
		A30B5B462B4436B800D1B419 /* Products */ = {
			isa = PBXGroup;
			children = (
				A30B5B452B4436B800D1B419 /* DeepLink.app */,
			);
			name = Products;
			sourceTree = "<group>";
		};
		A30B5B472B4436B800D1B419 /* DeepLink */ = {
			isa = PBXGroup;
			children = (
				A30B5B482B4436B800D1B419 /* DeepLinkApp.swift */,
				A30B5B4A2B4436B800D1B419 /* ContentView.swift */,
				A30B5B5E2B443F0100D1B419 /* DessertDetailView.swift */,
				A30B5B582B44379E00D1B419 /* FoodDetailView.swift */,
				A30B5B5C2B443D5500D1B419 /* DrinkDetailView.swift */,
				A30B5B5A2B4437E800D1B419 /* MenuItemView.swift */,
				A30B5B562B44377600D1B419 /* Food.swift */,
				A30B5B4C2B4436BA00D1B419 /* Assets.xcassets */,
				A30B5B4E2B4436BA00D1B419 /* Preview Content */,
			);
			path = DeepLink;
			sourceTree = "<group>";
		};
		A30B5B4E2B4436BA00D1B419 /* Preview Content */ = {
			isa = PBXGroup;
			children = (
				A30B5B4F2B4436BA00D1B419 /* Preview Assets.xcassets */,
			);
			path = "Preview Content";
			sourceTree = "<group>";
		};
/* End PBXGroup section */

/* Begin PBXNativeTarget section */
		A30B5B442B4436B800D1B419 /* DeepLink */ = {
			isa = PBXNativeTarget;
			buildConfigurationList = A30B5B532B4436BA00D1B419 /* Build configuration list for PBXNativeTarget "DeepLink" */;
			buildPhases = (
				A30B5B412B4436B800D1B419 /* Sources */,
				A30B5B422B4436B800D1B419 /* Frameworks */,
				A30B5B432B4436B800D1B419 /* Resources */,
			);
			buildRules = (
			);
			dependencies = (
			);
			name = DeepLink;
			productName = DeepLink;
			productReference = A30B5B452B4436B800D1B419 /* DeepLink.app */;
			productType = "com.apple.product-type.application";
		};
/* End PBXNativeTarget section */

/* Begin PBXProject section */
		A30B5B3D2B4436B800D1B419 /* Project object */ = {
			isa = PBXProject;
			attributes = {
				BuildIndependentTargetsInParallel = 1;
				LastSwiftUpdateCheck = 1510;
				LastUpgradeCheck = 1510;
				TargetAttributes = {
					A30B5B442B4436B800D1B419 = {
						CreatedOnToolsVersion = 15.1;
					};
				};
			};
			buildConfigurationList = A30B5B402B4436B800D1B419 /* Build configuration list for PBXProject "DeepLink" */;
			compatibilityVersion = "Xcode 14.0";
			developmentRegion = en;
			hasScannedForEncodings = 0;
			knownRegions = (
				en,
				Base,
			);
			mainGroup = A30B5B3C2B4436B800D1B419;
			productRefGroup = A30B5B462B4436B800D1B419 /* Products */;
			projectDirPath = "";
			projectRoot = "";
			targets = (
				A30B5B442B4436B800D1B419 /* DeepLink */,
			);
		};
/* End PBXProject section */

/* Begin PBXResourcesBuildPhase section */
		A30B5B432B4436B800D1B419 /* Resources */ = {
			isa = PBXResourcesBuildPhase;
			buildActionMask = 2147483647;
			files = (
				A30B5B502B4436BA00D1B419 /* Preview Assets.xcassets in Resources */,
				A30B5B4D2B4436BA00D1B419 /* Assets.xcassets in Resources */,
			);
			runOnlyForDeploymentPostprocessing = 0;
		};
/* End PBXResourcesBuildPhase section */

/* Begin PBXSourcesBuildPhase section */
		A30B5B412B4436B800D1B419 /* Sources */ = {
			isa = PBXSourcesBuildPhase;
			buildActionMask = 2147483647;
			files = (
				A30B5B4B2B4436B800D1B419 /* ContentView.swift in Sources */,
				A30B5B592B44379E00D1B419 /* FoodDetailView.swift in Sources */,
				A30B5B5F2B443F0100D1B419 /* DessertDetailView.swift in Sources */,
				A30B5B5B2B4437E800D1B419 /* MenuItemView.swift in Sources */,
				A30B5B492B4436B800D1B419 /* DeepLinkApp.swift in Sources */,
				A30B5B5D2B443D5500D1B419 /* DrinkDetailView.swift in Sources */,
				A30B5B572B44377600D1B419 /* Food.swift in Sources */,
			);
			runOnlyForDeploymentPostprocessing = 0;
		};
/* End PBXSourcesBuildPhase section */

/* Begin XCBuildConfiguration section */
		A30B5B512B4436BA00D1B419 /* Debug */ = {
			isa = XCBuildConfiguration;
			buildSettings = {
				ALWAYS_SEARCH_USER_PATHS = NO;
				ASSETCATALOG_COMPILER_GENERATE_SWIFT_ASSET_SYMBOL_EXTENSIONS = YES;
				CLANG_ANALYZER_NONNULL = YES;
				CLANG_ANALYZER_NUMBER_OBJECT_CONVERSION = YES_AGGRESSIVE;
				CLANG_CXX_LANGUAGE_STANDARD = "gnu++20";
				CLANG_ENABLE_MODULES = YES;
				CLANG_ENABLE_OBJC_ARC = YES;
				CLANG_ENABLE_OBJC_WEAK = YES;
				CLANG_WARN_BLOCK_CAPTURE_AUTORELEASING = YES;
				CLANG_WARN_BOOL_CONVERSION = YES;
				CLANG_WARN_COMMA = YES;
				CLANG_WARN_CONSTANT_CONVERSION = YES;
				CLANG_WARN_DEPRECATED_OBJC_IMPLEMENTATIONS = YES;
				CLANG_WARN_DIRECT_OBJC_ISA_USAGE = YES_ERROR;
				CLANG_WARN_DOCUMENTATION_COMMENTS = YES;
				CLANG_WARN_EMPTY_BODY = YES;
				CLANG_WARN_ENUM_CONVERSION = YES;
				CLANG_WARN_INFINITE_RECURSION = YES;
				CLANG_WARN_INT_CONVERSION = YES;
				CLANG_WARN_NON_LITERAL_NULL_CONVERSION = YES;
				CLANG_WARN_OBJC_IMPLICIT_RETAIN_SELF = YES;
				CLANG_WARN_OBJC_LITERAL_CONVERSION = YES;
				CLANG_WARN_OBJC_ROOT_CLASS = YES_ERROR;
				CLANG_WARN_QUOTED_INCLUDE_IN_FRAMEWORK_HEADER = YES;
				CLANG_WARN_RANGE_LOOP_ANALYSIS = YES;
				CLANG_WARN_STRICT_PROTOTYPES = YES;
				CLANG_WARN_SUSPICIOUS_MOVE = YES;
				CLANG_WARN_UNGUARDED_AVAILABILITY = YES_AGGRESSIVE;
				CLANG_WARN_UNREACHABLE_CODE = YES;
				CLANG_WARN__DUPLICATE_METHOD_MATCH = YES;
				COPY_PHASE_STRIP = NO;
				DEBUG_INFORMATION_FORMAT = dwarf;
				ENABLE_STRICT_OBJC_MSGSEND = YES;
				ENABLE_TESTABILITY = YES;
				ENABLE_USER_SCRIPT_SANDBOXING = YES;
				GCC_C_LANGUAGE_STANDARD = gnu17;
				GCC_DYNAMIC_NO_PIC = NO;
				GCC_NO_COMMON_BLOCKS = YES;
				GCC_OPTIMIZATION_LEVEL = 0;
				GCC_PREPROCESSOR_DEFINITIONS = (
					"DEBUG=1",
					"$(inherited)",
				);
				GCC_WARN_64_TO_32_BIT_CONVERSION = YES;
				GCC_WARN_ABOUT_RETURN_TYPE = YES_ERROR;
				GCC_WARN_UNDECLARED_SELECTOR = YES;
				GCC_WARN_UNINITIALIZED_AUTOS = YES_AGGRESSIVE;
				GCC_WARN_UNUSED_FUNCTION = YES;
				GCC_WARN_UNUSED_VARIABLE = YES;
				IPHONEOS_DEPLOYMENT_TARGET = 16.0;
				LOCALIZATION_PREFERS_STRING_CATALOGS = YES;
				MTL_ENABLE_DEBUG_INFO = INCLUDE_SOURCE;
				MTL_FAST_MATH = YES;
				ONLY_ACTIVE_ARCH = YES;
				SDKROOT = iphoneos;
				SWIFT_ACTIVE_COMPILATION_CONDITIONS = "DEBUG $(inherited)";
				SWIFT_OPTIMIZATION_LEVEL = "-Onone";
			};
			name = Debug;
		};
		A30B5B522B4436BA00D1B419 /* Release */ = {
			isa = XCBuildConfiguration;
			buildSettings = {
				ALWAYS_SEARCH_USER_PATHS = NO;
				ASSETCATALOG_COMPILER_GENERATE_SWIFT_ASSET_SYMBOL_EXTENSIONS = YES;
				CLANG_ANALYZER_NONNULL = YES;
				CLANG_ANALYZER_NUMBER_OBJECT_CONVERSION = YES_AGGRESSIVE;
				CLANG_CXX_LANGUAGE_STANDARD = "gnu++20";
				CLANG_ENABLE_MODULES = YES;
				CLANG_ENABLE_OBJC_ARC = YES;
				CLANG_ENABLE_OBJC_WEAK = YES;
				CLANG_WARN_BLOCK_CAPTURE_AUTORELEASING = YES;
				CLANG_WARN_BOOL_CONVERSION = YES;
				CLANG_WARN_COMMA = YES;
				CLANG_WARN_CONSTANT_CONVERSION = YES;
				CLANG_WARN_DEPRECATED_OBJC_IMPLEMENTATIONS = YES;
				CLANG_WARN_DIRECT_OBJC_ISA_USAGE = YES_ERROR;
				CLANG_WARN_DOCUMENTATION_COMMENTS = YES;
				CLANG_WARN_EMPTY_BODY = YES;
				CLANG_WARN_ENUM_CONVERSION = YES;
				CLANG_WARN_INFINITE_RECURSION = YES;
				CLANG_WARN_INT_CONVERSION = YES;
				CLANG_WARN_NON_LITERAL_NULL_CONVERSION = YES;
				CLANG_WARN_OBJC_IMPLICIT_RETAIN_SELF = YES;
				CLANG_WARN_OBJC_LITERAL_CONVERSION = YES;
				CLANG_WARN_OBJC_ROOT_CLASS = YES_ERROR;
				CLANG_WARN_QUOTED_INCLUDE_IN_FRAMEWORK_HEADER = YES;
				CLANG_WARN_RANGE_LOOP_ANALYSIS = YES;
				CLANG_WARN_STRICT_PROTOTYPES = YES;
				CLANG_WARN_SUSPICIOUS_MOVE = YES;
				CLANG_WARN_UNGUARDED_AVAILABILITY = YES_AGGRESSIVE;
				CLANG_WARN_UNREACHABLE_CODE = YES;
				CLANG_WARN__DUPLICATE_METHOD_MATCH = YES;
				COPY_PHASE_STRIP = NO;
				DEBUG_INFORMATION_FORMAT = "dwarf-with-dsym";
				ENABLE_NS_ASSERTIONS = NO;
				ENABLE_STRICT_OBJC_MSGSEND = YES;
				ENABLE_USER_SCRIPT_SANDBOXING = YES;
				GCC_C_LANGUAGE_STANDARD = gnu17;
				GCC_NO_COMMON_BLOCKS = YES;
				GCC_WARN_64_TO_32_BIT_CONVERSION = YES;
				GCC_WARN_ABOUT_RETURN_TYPE = YES_ERROR;
				GCC_WARN_UNDECLARED_SELECTOR = YES;
				GCC_WARN_UNINITIALIZED_AUTOS = YES_AGGRESSIVE;
				GCC_WARN_UNUSED_FUNCTION = YES;
				GCC_WARN_UNUSED_VARIABLE = YES;
				IPHONEOS_DEPLOYMENT_TARGET = 16.0;
				LOCALIZATION_PREFERS_STRING_CATALOGS = YES;
				MTL_ENABLE_DEBUG_INFO = NO;
				MTL_FAST_MATH = YES;
				SDKROOT = iphoneos;
				SWIFT_COMPILATION_MODE = wholemodule;
				VALIDATE_PRODUCT = YES;
			};
			name = Release;
		};
		A30B5B542B4436BA00D1B419 /* Debug */ = {
			isa = XCBuildConfiguration;
			buildSettings = {
				ASSETCATALOG_COMPILER_APPICON_NAME = AppIcon;
				ASSETCATALOG_COMPILER_GLOBAL_ACCENT_COLOR_NAME = AccentColor;
				CODE_SIGN_STYLE = Automatic;
				CURRENT_PROJECT_VERSION = 1;
				DEVELOPMENT_ASSET_PATHS = "\"DeepLink/Preview Content\"";
				DEVELOPMENT_TEAM = B99296K282;
				ENABLE_PREVIEWS = YES;
				GENERATE_INFOPLIST_FILE = YES;
				INFOPLIST_KEY_UIApplicationSceneManifest_Generation = YES;
				INFOPLIST_KEY_UIApplicationSupportsIndirectInputEvents = YES;
				INFOPLIST_KEY_UILaunchScreen_Generation = YES;
				INFOPLIST_KEY_UISupportedInterfaceOrientations_iPad = "UIInterfaceOrientationPortrait UIInterfaceOrientationPortraitUpsideDown UIInterfaceOrientationLandscapeLeft UIInterfaceOrientationLandscapeRight";
				INFOPLIST_KEY_UISupportedInterfaceOrientations_iPhone = "UIInterfaceOrientationPortrait UIInterfaceOrientationLandscapeLeft UIInterfaceOrientationLandscapeRight";
				IPHONEOS_DEPLOYMENT_TARGET = 16.0;
				LD_RUNPATH_SEARCH_PATHS = (
					"$(inherited)",
					"@executable_path/Frameworks",
				);
				MARKETING_VERSION = 1.0;
				PRODUCT_BUNDLE_IDENTIFIER = brad.DeepLink;
				PRODUCT_NAME = "$(TARGET_NAME)";
				SWIFT_EMIT_LOC_STRINGS = YES;
				SWIFT_VERSION = 5.0;
				TARGETED_DEVICE_FAMILY = "1,2";
			};
			name = Debug;
		};
		A30B5B552B4436BA00D1B419 /* Release */ = {
			isa = XCBuildConfiguration;
			buildSettings = {
				ASSETCATALOG_COMPILER_APPICON_NAME = AppIcon;
				ASSETCATALOG_COMPILER_GLOBAL_ACCENT_COLOR_NAME = AccentColor;
				CODE_SIGN_STYLE = Automatic;
				CURRENT_PROJECT_VERSION = 1;
				DEVELOPMENT_ASSET_PATHS = "\"DeepLink/Preview Content\"";
				DEVELOPMENT_TEAM = B99296K282;
				ENABLE_PREVIEWS = YES;
				GENERATE_INFOPLIST_FILE = YES;
				INFOPLIST_KEY_UIApplicationSceneManifest_Generation = YES;
				INFOPLIST_KEY_UIApplicationSupportsIndirectInputEvents = YES;
				INFOPLIST_KEY_UILaunchScreen_Generation = YES;
				INFOPLIST_KEY_UISupportedInterfaceOrientations_iPad = "UIInterfaceOrientationPortrait UIInterfaceOrientationPortraitUpsideDown UIInterfaceOrientationLandscapeLeft UIInterfaceOrientationLandscapeRight";
				INFOPLIST_KEY_UISupportedInterfaceOrientations_iPhone = "UIInterfaceOrientationPortrait UIInterfaceOrientationLandscapeLeft UIInterfaceOrientationLandscapeRight";
				IPHONEOS_DEPLOYMENT_TARGET = 16.0;
				LD_RUNPATH_SEARCH_PATHS = (
					"$(inherited)",
					"@executable_path/Frameworks",
				);
				MARKETING_VERSION = 1.0;
				PRODUCT_BUNDLE_IDENTIFIER = brad.DeepLink;
				PRODUCT_NAME = "$(TARGET_NAME)";
				SWIFT_EMIT_LOC_STRINGS = YES;
				SWIFT_VERSION = 5.0;
				TARGETED_DEVICE_FAMILY = "1,2";
			};
			name = Release;
		};
/* End XCBuildConfiguration section */

/* Begin XCConfigurationList section */
		A30B5B402B4436B800D1B419 /* Build configuration list for PBXProject "DeepLink" */ = {
			isa = XCConfigurationList;
			buildConfigurations = (
				A30B5B512B4436BA00D1B419 /* Debug */,
				A30B5B522B4436BA00D1B419 /* Release */,
			);
			defaultConfigurationIsVisible = 0;
			defaultConfigurationName = Release;
		};
		A30B5B532B4436BA00D1B419 /* Build configuration list for PBXNativeTarget "DeepLink" */ = {
			isa = XCConfigurationList;
			buildConfigurations = (
				A30B5B542B4436BA00D1B419 /* Debug */,
				A30B5B552B4436BA00D1B419 /* Release */,
			);
			defaultConfigurationIsVisible = 0;
			defaultConfigurationName = Release;
		};
/* End XCConfigurationList section */
	};
	rootObject = A30B5B3D2B4436B800D1B419 /* Project object */;
}
